# This file is automatically @generated by Cargo.
# It is not intended for manual editing.
version = 4

[[package]]
name = "alpm"
version = "5.0.2"
source = "registry+https://github.com/rust-lang/crates.io-index"
checksum = "4c7b56a77dc29bbe3c1d2b2a073200b7a09ed0a5d0b421315e915abdee4e1f2b"
dependencies = [
 "alpm-sys",
 "bitflags",
]

[[package]]
name = "alpm-sys"
version = "5.0.1"
source = "registry+https://github.com/rust-lang/crates.io-index"
checksum = "2802ef5d74e47cceda08d0d583c69be2595a5d25e2d6eef349b5e5b5ed4560e9"
dependencies = [
 "pkg-config",
]

[[package]]
name = "bitflags"
version = "2.13.1"
source = "registry+https://github.com/rust-lang/crates.io-index"
checksum = "b588b76d00fde79687d7646a9b5bdf3cc0f655e0bbd080335a95d7e96f3587da"

[[package]]
name = "dependency-graph"
version = "0.1.0"
dependencies = [
 "alpm",
]

[[package]]
name = "pkg-config"
version = "0.3.34"
source = "registry+https://github.com/rust-lang/crates.io-index"
checksum = "f6b464fbc74e149a392436b17d523f769e057cb6877f6a5c4618bc6f11800548"
